
Microsoft Visual Studio Solution File, Format Version 12.00
# Visual Studio 14
VisualStudioVersion = 14.0.25420.1
MinimumVisualStudioVersion = 10.0.40219.1
Project("{FAE04EC0-301F-11D3-BF4B-00C04F79EFBC}") = "XF.CaliburnMicro1.Droid", "XF.CaliburnMicro1\XF.CaliburnMicro1.Droid\XF.CaliburnMicro1.Droid.csproj", "{DA9411BF-219A-4AC0-A30A-519A133EB4DE}"
EndProject
Project("{FAE04EC0-301F-11D3-BF4B-00C04F79EFBC}") = "XF.CaliburnMicro1.iOS", "XF.CaliburnMicro1\XF.CaliburnMicro1.iOS\XF.CaliburnMicro1.iOS.csproj", "{F27453E8-41D1-4E2D-8C42-C026A6265594}"
EndProject
Project("{FAE04EC0-301F-11D3-BF4B-00C04F79EFBC}") = "XF.CaliburnMicro1.UWP", "XF.CaliburnMicro1\XF.CaliburnMicro1.UWP\XF.CaliburnMicro1.UWP.csproj", "{D9A1C162-A177-43D9-B81C-3005E1804366}"
EndProject
Project("{FAE04EC0-301F-11D3-BF4B-00C04F79EFBC}") = "XF.CaliburnMicro1", "XF.CaliburnMicro1\XF.CaliburnMicro1\XF.CaliburnMicro1.csproj", "{FBF9E82E-64D7-4BCE-8855-B3DDD5C4A10B}"
EndProject
Global
	GlobalSection(SolutionConfigurationPlatforms) = preSolution
		Ad-Hoc|Any CPU = Ad-Hoc|Any CPU
		Ad-Hoc|ARM = Ad-Hoc|ARM
		Ad-Hoc|iPhone = Ad-Hoc|iPhone
		Ad-Hoc|iPhoneSimulator = Ad-Hoc|iPhoneSimulator
		Ad-Hoc|x64 = Ad-Hoc|x64
		Ad-Hoc|x86 = Ad-Hoc|x86
		AppStore|Any CPU = AppStore|Any CPU
		AppStore|ARM = AppStore|ARM
		AppStore|iPhone = AppStore|iPhone
		AppStore|iPhoneSimulator = AppStore|iPhoneSimulator
		AppStore|x64 = AppStore|x64
		AppStore|x86 = AppStore|x86
		Debug|Any CPU = Debug|Any CPU
		Debug|ARM = Debug|ARM
		Debug|iPhone = Debug|iPhone
		Debug|iPhoneSimulator = Debug|iPhoneSimulator
		Debug|x64 = Debug|x64
		Debug|x86 = Debug|x86
		Release|Any CPU = Release|Any CPU
		Release|ARM = Release|ARM
		Release|iPhone = Release|iPhone
		Release|iPhoneSimulator = Release|iPhoneSimulator
		Release|x64 = Release|x64
		Release|x86 = Release|x86
	EndGlobalSection
	GlobalSection(ProjectConfigurationPlatforms) = postSolution
		{DA9411BF-219A-4AC0-A30A-519A133EB4DE}.Ad-Hoc|Any CPU.ActiveCfg = Release|Any CPU
		{DA9411BF-219A-4AC0-A30A-519A133EB4DE}.Ad-Hoc|Any CPU.Build.0 = Release|Any CPU
		{DA9411BF-219A-4AC0-A30A-519A133EB4DE}.Ad-Hoc|Any CPU.Deploy.0 = Release|Any CPU
		{DA9411BF-219A-4AC0-A30A-519A133EB4DE}.Ad-Hoc|ARM.ActiveCfg = Release|Any CPU
		{DA9411BF-219A-4AC0-A30A-519A133EB4DE}.Ad-Hoc|ARM.Build.0 = Release|Any CPU
		{DA9411BF-219A-4AC0-A30A-519A133EB4DE}.Ad-Hoc|ARM.Deploy.0 = Release|Any CPU
		{DA9411BF-219A-4AC0-A30A-519A133EB4DE}.Ad-Hoc|iPhone.ActiveCfg = Release|Any CPU
		{DA9411BF-219A-4AC0-A30A-519A133EB4DE}.Ad-Hoc|iPhone.Build.0 = Release|Any CPU
		{DA9411BF-219A-4AC0-A30A-519A133EB4DE}.Ad-Hoc|iPhone.Deploy.0 = Release|Any CPU
		{DA9411BF-219A-4AC0-A30A-519A133EB4DE}.Ad-Hoc|iPhoneSimulator.ActiveCfg = Release|Any CPU
		{DA9411BF-219A-4AC0-A30A-519A133EB4DE}.Ad-Hoc|iPhoneSimulator.Build.0 = Release|Any CPU
		{DA9411BF-219A-4AC0-A30A-519A133EB4DE}.Ad-Hoc|iPhoneSimulator.Deploy.0 = Release|Any CPU
		{DA9411BF-219A-4AC0-A30A-519A133EB4DE}.Ad-Hoc|x64.ActiveCfg = Release|Any CPU
		{DA9411BF-219A-4AC0-A30A-519A133EB4DE}.Ad-Hoc|x64.Build.0 = Release|Any CPU
		{DA9411BF-219A-4AC0-A30A-519A133EB4DE}.Ad-Hoc|x64.Deploy.0 = Release|Any CPU
		{DA9411BF-219A-4AC0-A30A-519A133EB4DE}.Ad-Hoc|x86.ActiveCfg = Release|Any CPU
		{DA9411BF-219A-4AC0-A30A-519A133EB4DE}.Ad-Hoc|x86.Build.0 = Release|Any CPU
		{DA9411BF-219A-4AC0-A30A-519A133EB4DE}.Ad-Hoc|x86.Deploy.0 = Release|Any CPU
		{DA9411BF-219A-4AC0-A30A-519A133EB4DE}.AppStore|Any CPU.ActiveCfg = Release|Any CPU
		{DA9411BF-219A-4AC0-A30A-519A133EB4DE}.AppStore|Any CPU.Build.0 = Release|Any CPU
		{DA9411BF-219A-4AC0-A30A-519A133EB4DE}.AppStore|Any CPU.Deploy.0 = Release|Any CPU
		{DA9411BF-219A-4AC0-A30A-519A133EB4DE}.AppStore|ARM.ActiveCfg = Release|Any CPU
		{DA9411BF-219A-4AC0-A30A-519A133EB4DE}.AppStore|ARM.Build.0 = Release|Any CPU
		{DA9411BF-219A-4AC0-A30A-519A133EB4DE}.AppStore|ARM.Deploy.0 = Release|Any CPU
		{DA9411BF-219A-4AC0-A30A-519A133EB4DE}.AppStore|iPhone.ActiveCfg = Release|Any CPU
		{DA9411BF-219A-4AC0-A30A-519A133EB4DE}.AppStore|iPhone.Build.0 = Release|Any CPU
		{DA9411BF-219A-4AC0-A30A-519A133EB4DE}.AppStore|iPhone.Deploy.0 = Release|Any CPU
		{DA9411BF-219A-4AC0-A30A-519A133EB4DE}.AppStore|iPhoneSimulator.ActiveCfg = Release|Any CPU
		{DA9411BF-219A-4AC0-A30A-519A133EB4DE}.AppStore|iPhoneSimulator.Build.0 = Release|Any CPU
		{DA9411BF-219A-4AC0-A30A-519A133EB4DE}.AppStore|iPhoneSimulator.Deploy.0 = Release|Any CPU
		{DA9411BF-219A-4AC0-A30A-519A133EB4DE}.AppStore|x64.ActiveCfg = Release|Any CPU
		{DA9411BF-219A-4AC0-A30A-519A133EB4DE}.AppStore|x64.Build.0 = Release|Any CPU
		{DA9411BF-219A-4AC0-A30A-519A133EB4DE}.AppStore|x64.Deploy.0 = Release|Any CPU
		{DA9411BF-219A-4AC0-A30A-519A133EB4DE}.AppStore|x86.ActiveCfg = Release|Any CPU
		{DA9411BF-219A-4AC0-A30A-519A133EB4DE}.AppStore|x86.Build.0 = Release|Any CPU
		{DA9411BF-219A-4AC0-A30A-519A133EB4DE}.AppStore|x86.Deploy.0 = Release|Any CPU
		{DA9411BF-219A-4AC0-A30A-519A133EB4DE}.Debug|Any CPU.ActiveCfg = Debug|Any CPU
		{DA9411BF-219A-4AC0-A30A-519A133EB4DE}.Debug|Any CPU.Build.0 = Debug|Any CPU
		{DA9411BF-219A-4AC0-A30A-519A133EB4DE}.Debug|Any CPU.Deploy.0 = Debug|Any CPU
		{DA9411BF-219A-4AC0-A30A-519A133EB4DE}.Debug|ARM.ActiveCfg = Debug|Any CPU
		{DA9411BF-219A-4AC0-A30A-519A133EB4DE}.Debug|ARM.Build.0 = Debug|Any CPU
		{DA9411BF-219A-4AC0-A30A-519A133EB4DE}.Debug|ARM.Deploy.0 = Debug|Any CPU
		{DA9411BF-219A-4AC0-A30A-519A133EB4DE}.Debug|iPhone.ActiveCfg = Debug|Any CPU
		{DA9411BF-219A-4AC0-A30A-519A133EB4DE}.Debug|iPhone.Build.0 = Debug|Any CPU
		{DA9411BF-219A-4AC0-A30A-519A133EB4DE}.Debug|iPhone.Deploy.0 = Debug|Any CPU
		{DA9411BF-219A-4AC0-A30A-519A133EB4DE}.Debug|iPhoneSimulator.ActiveCfg = Debug|Any CPU
		{DA9411BF-219A-4AC0-A30A-519A133EB4DE}.Debug|iPhoneSimulator.Build.0 = Debug|Any CPU
		{DA9411BF-219A-4AC0-A30A-519A133EB4DE}.Debug|iPhoneSimulator.Deploy.0 = Debug|Any CPU
		{DA9411BF-219A-4AC0-A30A-519A133EB4DE}.Debug|x64.ActiveCfg = Debug|Any CPU
		{DA9411BF-219A-4AC0-A30A-519A133EB4DE}.Debug|x64.Build.0 = Debug|Any CPU
		{DA9411BF-219A-4AC0-A30A-519A133EB4DE}.Debug|x64.Deploy.0 = Debug|Any CPU
		{DA9411BF-219A-4AC0-A30A-519A133EB4DE}.Debug|x86.ActiveCfg = Debug|Any CPU
		{DA9411BF-219A-4AC0-A30A-519A133EB4DE}.Debug|x86.Build.0 = Debug|Any CPU
		{DA9411BF-219A-4AC0-A30A-519A133EB4DE}.Debug|x86.Deploy.0 = Debug|Any CPU
		{DA9411BF-219A-4AC0-A30A-519A133EB4DE}.Release|Any CPU.ActiveCfg = Release|Any CPU
		{DA9411BF-219A-4AC0-A30A-519A133EB4DE}.Release|Any CPU.Build.0 = Release|Any CPU
		{DA9411BF-219A-4AC0-A30A-519A133EB4DE}.Release|Any CPU.Deploy.0 = Release|Any CPU
		{DA9411BF-219A-4AC0-A30A-519A133EB4DE}.Release|ARM.ActiveCfg = Release|Any CPU
		{DA9411BF-219A-4AC0-A30A-519A133EB4DE}.Release|ARM.Build.0 = Release|Any CPU
		{DA9411BF-219A-4AC0-A30A-519A133EB4DE}.Release|ARM.Deploy.0 = Release|Any CPU
		{DA9411BF-219A-4AC0-A30A-519A133EB4DE}.Release|iPhone.ActiveCfg = Release|Any CPU
		{DA9411BF-219A-4AC0-A30A-519A133EB4DE}.Release|iPhone.Build.0 = Release|Any CPU
		{DA9411BF-219A-4AC0-A30A-519A133EB4DE}.Release|iPhone.Deploy.0 = Release|Any CPU
		{DA9411BF-219A-4AC0-A30A-519A133EB4DE}.Release|iPhoneSimulator.ActiveCfg = Release|Any CPU
		{DA9411BF-219A-4AC0-A30A-519A133EB4DE}.Release|iPhoneSimulator.Build.0 = Release|Any CPU
		{DA9411BF-219A-4AC0-A30A-519A133EB4DE}.Release|iPhoneSimulator.Deploy.0 = Release|Any CPU
		{DA9411BF-219A-4AC0-A30A-519A133EB4DE}.Release|x64.ActiveCfg = Release|Any CPU
		{DA9411BF-219A-4AC0-A30A-519A133EB4DE}.Release|x64.Build.0 = Release|Any CPU
		{DA9411BF-219A-4AC0-A30A-519A133EB4DE}.Release|x64.Deploy.0 = Release|Any CPU
		{DA9411BF-219A-4AC0-A30A-519A133EB4DE}.Release|x86.ActiveCfg = Release|Any CPU
		{DA9411BF-219A-4AC0-A30A-519A133EB4DE}.Release|x86.Build.0 = Release|Any CPU
		{DA9411BF-219A-4AC0-A30A-519A133EB4DE}.Release|x86.Deploy.0 = Release|Any CPU
		{F27453E8-41D1-4E2D-8C42-C026A6265594}.Ad-Hoc|Any CPU.ActiveCfg = Ad-Hoc|iPhone
		{F27453E8-41D1-4E2D-8C42-C026A6265594}.Ad-Hoc|ARM.ActiveCfg = Ad-Hoc|iPhone
		{F27453E8-41D1-4E2D-8C42-C026A6265594}.Ad-Hoc|iPhone.ActiveCfg = Ad-Hoc|iPhone
		{F27453E8-41D1-4E2D-8C42-C026A6265594}.Ad-Hoc|iPhone.Build.0 = Ad-Hoc|iPhone
		{F27453E8-41D1-4E2D-8C42-C026A6265594}.Ad-Hoc|iPhoneSimulator.ActiveCfg = Ad-Hoc|iPhoneSimulator
		{F27453E8-41D1-4E2D-8C42-C026A6265594}.Ad-Hoc|iPhoneSimulator.Build.0 = Ad-Hoc|iPhoneSimulator
		{F27453E8-41D1-4E2D-8C42-C026A6265594}.Ad-Hoc|x64.ActiveCfg = Ad-Hoc|iPhone
		{F27453E8-41D1-4E2D-8C42-C026A6265594}.Ad-Hoc|x86.ActiveCfg = Ad-Hoc|iPhone
		{F27453E8-41D1-4E2D-8C42-C026A6265594}.AppStore|Any CPU.ActiveCfg = AppStore|iPhone
		{F27453E8-41D1-4E2D-8C42-C026A6265594}.AppStore|ARM.ActiveCfg = AppStore|iPhone
		{F27453E8-41D1-4E2D-8C42-C026A6265594}.AppStore|iPhone.ActiveCfg = AppStore|iPhone
		{F27453E8-41D1-4E2D-8C42-C026A6265594}.AppStore|iPhone.Build.0 = AppStore|iPhone
		{F27453E8-41D1-4E2D-8C42-C026A6265594}.AppStore|iPhoneSimulator.ActiveCfg = AppStore|iPhoneSimulator
		{F27453E8-41D1-4E2D-8C42-C026A6265594}.AppStore|iPhoneSimulator.Build.0 = AppStore|iPhoneSimulator
		{F27453E8-41D1-4E2D-8C42-C026A6265594}.AppStore|x64.ActiveCfg = AppStore|iPhone
		{F27453E8-41D1-4E2D-8C42-C026A6265594}.AppStore|x86.ActiveCfg = AppStore|iPhone
		{F27453E8-41D1-4E2D-8C42-C026A6265594}.Debug|Any CPU.ActiveCfg = Debug|iPhone
		{F27453E8-41D1-4E2D-8C42-C026A6265594}.Debug|ARM.ActiveCfg = Debug|iPhone
		{F27453E8-41D1-4E2D-8C42-C026A6265594}.Debug|iPhone.ActiveCfg = Debug|iPhone
		{F27453E8-41D1-4E2D-8C42-C026A6265594}.Debug|iPhone.Build.0 = Debug|iPhone
		{F27453E8-41D1-4E2D-8C42-C026A6265594}.Debug|iPhoneSimulator.ActiveCfg = Debug|iPhoneSimulator
		{F27453E8-41D1-4E2D-8C42-C026A6265594}.Debug|iPhoneSimulator.Build.0 = Debug|iPhoneSimulator
		{F27453E8-41D1-4E2D-8C42-C026A6265594}.Debug|x64.ActiveCfg = Debug|iPhone
		{F27453E8-41D1-4E2D-8C42-C026A6265594}.Debug|x86.ActiveCfg = Debug|iPhone
		{F27453E8-41D1-4E2D-8C42-C026A6265594}.Release|Any CPU.ActiveCfg = Release|iPhone
		{F27453E8-41D1-4E2D-8C42-C026A6265594}.Release|ARM.ActiveCfg = Release|iPhone
		{F27453E8-41D1-4E2D-8C42-C026A6265594}.Release|iPhone.ActiveCfg = Release|iPhone
		{F27453E8-41D1-4E2D-8C42-C026A6265594}.Release|iPhone.Build.0 = Release|iPhone
		{F27453E8-41D1-4E2D-8C42-C026A6265594}.Release|iPhoneSimulator.ActiveCfg = Release|iPhoneSimulator
		{F27453E8-41D1-4E2D-8C42-C026A6265594}.Release|iPhoneSimulator.Build.0 = Release|iPhoneSimulator
		{F27453E8-41D1-4E2D-8C42-C026A6265594}.Release|x64.ActiveCfg = Release|iPhone
		{F27453E8-41D1-4E2D-8C42-C026A6265594}.Release|x86.ActiveCfg = Release|iPhone
		{D9A1C162-A177-43D9-B81C-3005E1804366}.Ad-Hoc|Any CPU.ActiveCfg = Release|x86
		{D9A1C162-A177-43D9-B81C-3005E1804366}.Ad-Hoc|Any CPU.Build.0 = Release|x86
		{D9A1C162-A177-43D9-B81C-3005E1804366}.Ad-Hoc|Any CPU.Deploy.0 = Release|x86
		{D9A1C162-A177-43D9-B81C-3005E1804366}.Ad-Hoc|ARM.ActiveCfg = Release|ARM
		{D9A1C162-A177-43D9-B81C-3005E1804366}.Ad-Hoc|ARM.Build.0 = Release|ARM
		{D9A1C162-A177-43D9-B81C-3005E1804366}.Ad-Hoc|ARM.Deploy.0 = Release|ARM
		{D9A1C162-A177-43D9-B81C-3005E1804366}.Ad-Hoc|iPhone.ActiveCfg = Release|x86
		{D9A1C162-A177-43D9-B81C-3005E1804366}.Ad-Hoc|iPhone.Build.0 = Release|x86
		{D9A1C162-A177-43D9-B81C-3005E1804366}.Ad-Hoc|iPhone.Deploy.0 = Release|x86
		{D9A1C162-A177-43D9-B81C-3005E1804366}.Ad-Hoc|iPhoneSimulator.ActiveCfg = Release|x86
		{D9A1C162-A177-43D9-B81C-3005E1804366}.Ad-Hoc|iPhoneSimulator.Build.0 = Release|x86
		{D9A1C162-A177-43D9-B81C-3005E1804366}.Ad-Hoc|iPhoneSimulator.Deploy.0 = Release|x86
		{D9A1C162-A177-43D9-B81C-3005E1804366}.Ad-Hoc|x64.ActiveCfg = Release|x64
		{D9A1C162-A177-43D9-B81C-3005E1804366}.Ad-Hoc|x64.Build.0 = Release|x64
		{D9A1C162-A177-43D9-B81C-3005E1804366}.Ad-Hoc|x64.Deploy.0 = Release|x64
		{D9A1C162-A177-43D9-B81C-3005E1804366}.Ad-Hoc|x86.ActiveCfg = Release|x86
		{D9A1C162-A177-43D9-B81C-3005E1804366}.Ad-Hoc|x86.Build.0 = Release|x86
		{D9A1C162-A177-43D9-B81C-3005E1804366}.Ad-Hoc|x86.Deploy.0 = Release|x86
		{D9A1C162-A177-43D9-B81C-3005E1804366}.AppStore|Any CPU.ActiveCfg = Release|x86
		{D9A1C162-A177-43D9-B81C-3005E1804366}.AppStore|Any CPU.Build.0 = Release|x86
		{D9A1C162-A177-43D9-B81C-3005E1804366}.AppStore|Any CPU.Deploy.0 = Release|x86
		{D9A1C162-A177-43D9-B81C-3005E1804366}.AppStore|ARM.ActiveCfg = Release|ARM
		{D9A1C162-A177-43D9-B81C-3005E1804366}.AppStore|ARM.Build.0 = Release|ARM
		{D9A1C162-A177-43D9-B81C-3005E1804366}.AppStore|ARM.Deploy.0 = Release|ARM
		{D9A1C162-A177-43D9-B81C-3005E1804366}.AppStore|iPhone.ActiveCfg = Release|x86
		{D9A1C162-A177-43D9-B81C-3005E1804366}.AppStore|iPhone.Build.0 = Release|x86
		{D9A1C162-A177-43D9-B81C-3005E1804366}.AppStore|iPhone.Deploy.0 = Release|x86
		{D9A1C162-A177-43D9-B81C-3005E1804366}.AppStore|iPhoneSimulator.ActiveCfg = Release|x86
		{D9A1C162-A177-43D9-B81C-3005E1804366}.AppStore|iPhoneSimulator.Build.0 = Release|x86
		{D9A1C162-A177-43D9-B81C-3005E1804366}.AppStore|iPhoneSimulator.Deploy.0 = Release|x86
		{D9A1C162-A177-43D9-B81C-3005E1804366}.AppStore|x64.ActiveCfg = Release|x64
		{D9A1C162-A177-43D9-B81C-3005E1804366}.AppStore|x64.Build.0 = Release|x64
		{D9A1C162-A177-43D9-B81C-3005E1804366}.AppStore|x64.Deploy.0 = Release|x64
		{D9A1C162-A177-43D9-B81C-3005E1804366}.AppStore|x86.ActiveCfg = Release|x86
		{D9A1C162-A177-43D9-B81C-3005E1804366}.AppStore|x86.Build.0 = Release|x86
		{D9A1C162-A177-43D9-B81C-3005E1804366}.AppStore|x86.Deploy.0 = Release|x86
		{D9A1C162-A177-43D9-B81C-3005E1804366}.Debug|Any CPU.ActiveCfg = Debug|x86
		{D9A1C162-A177-43D9-B81C-3005E1804366}.Debug|Any CPU.Build.0 = Debug|x86
		{D9A1C162-A177-43D9-B81C-3005E1804366}.Debug|Any CPU.Deploy.0 = Debug|x86
		{D9A1C162-A177-43D9-B81C-3005E1804366}.Debug|ARM.ActiveCfg = Debug|ARM
		{D9A1C162-A177-43D9-B81C-3005E1804366}.Debug|ARM.Build.0 = Debug|ARM
		{D9A1C162-A177-43D9-B81C-3005E1804366}.Debug|ARM.Deploy.0 = Debug|ARM
		{D9A1C162-A177-43D9-B81C-3005E1804366}.Debug|iPhone.ActiveCfg = Debug|x86
		{D9A1C162-A177-43D9-B81C-3005E1804366}.Debug|iPhoneSimulator.ActiveCfg = Debug|x86
		{D9A1C162-A177-43D9-B81C-3005E1804366}.Debug|x64.ActiveCfg = Debug|x64
		{D9A1C162-A177-43D9-B81C-3005E1804366}.Debug|x64.Build.0 = Debug|x64
		{D9A1C162-A177-43D9-B81C-3005E1804366}.Debug|x64.Deploy.0 = Debug|x64
		{D9A1C162-A177-43D9-B81C-3005E1804366}.Debug|x86.ActiveCfg = Debug|x86
		{D9A1C162-A177-43D9-B81C-3005E1804366}.Debug|x86.Build.0 = Debug|x86
		{D9A1C162-A177-43D9-B81C-3005E1804366}.Debug|x86.Deploy.0 = Debug|x86
		{D9A1C162-A177-43D9-B81C-3005E1804366}.Release|Any CPU.ActiveCfg = Release|x86
		{D9A1C162-A177-43D9-B81C-3005E1804366}.Release|ARM.ActiveCfg = Release|ARM
		{D9A1C162-A177-43D9-B81C-3005E1804366}.Release|ARM.Build.0 = Release|ARM
		{D9A1C162-A177-43D9-B81C-3005E1804366}.Release|ARM.Deploy.0 = Release|ARM
		{D9A1C162-A177-43D9-B81C-3005E1804366}.Release|iPhone.ActiveCfg = Release|x86
		{D9A1C162-A177-43D9-B81C-3005E1804366}.Release|iPhoneSimulator.ActiveCfg = Release|x86
		{D9A1C162-A177-43D9-B81C-3005E1804366}.Release|x64.ActiveCfg = Release|x64
		{D9A1C162-A177-43D9-B81C-3005E1804366}.Release|x64.Build.0 = Release|x64
		{D9A1C162-A177-43D9-B81C-3005E1804366}.Release|x64.Deploy.0 = Release|x64
		{D9A1C162-A177-43D9-B81C-3005E1804366}.Release|x86.ActiveCfg = Release|x86
		{D9A1C162-A177-43D9-B81C-3005E1804366}.Release|x86.Build.0 = Release|x86
		{D9A1C162-A177-43D9-B81C-3005E1804366}.Release|x86.Deploy.0 = Release|x86
		{FBF9E82E-64D7-4BCE-8855-B3DDD5C4A10B}.Ad-Hoc|Any CPU.ActiveCfg = Release|Any CPU
		{FBF9E82E-64D7-4BCE-8855-B3DDD5C4A10B}.Ad-Hoc|Any CPU.Build.0 = Release|Any CPU
		{FBF9E82E-64D7-4BCE-8855-B3DDD5C4A10B}.Ad-Hoc|ARM.ActiveCfg = Release|Any CPU
		{FBF9E82E-64D7-4BCE-8855-B3DDD5C4A10B}.Ad-Hoc|ARM.Build.0 = Release|Any CPU
		{FBF9E82E-64D7-4BCE-8855-B3DDD5C4A10B}.Ad-Hoc|iPhone.ActiveCfg = Release|Any CPU
		{FBF9E82E-64D7-4BCE-8855-B3DDD5C4A10B}.Ad-Hoc|iPhone.Build.0 = Release|Any CPU
		{FBF9E82E-64D7-4BCE-8855-B3DDD5C4A10B}.Ad-Hoc|iPhoneSimulator.ActiveCfg = Release|Any CPU
		{FBF9E82E-64D7-4BCE-8855-B3DDD5C4A10B}.Ad-Hoc|iPhoneSimulator.Build.0 = Release|Any CPU
		{FBF9E82E-64D7-4BCE-8855-B3DDD5C4A10B}.Ad-Hoc|x64.ActiveCfg = Release|Any CPU
		{FBF9E82E-64D7-4BCE-8855-B3DDD5C4A10B}.Ad-Hoc|x64.Build.0 = Release|Any CPU
		{FBF9E82E-64D7-4BCE-8855-B3DDD5C4A10B}.Ad-Hoc|x86.ActiveCfg = Release|Any CPU
		{FBF9E82E-64D7-4BCE-8855-B3DDD5C4A10B}.Ad-Hoc|x86.Build.0 = Release|Any CPU
		{FBF9E82E-64D7-4BCE-8855-B3DDD5C4A10B}.AppStore|Any CPU.ActiveCfg = Release|Any CPU
		{FBF9E82E-64D7-4BCE-8855-B3DDD5C4A10B}.AppStore|Any CPU.Build.0 = Release|Any CPU
		{FBF9E82E-64D7-4BCE-8855-B3DDD5C4A10B}.AppStore|ARM.ActiveCfg = Release|Any CPU
		{FBF9E82E-64D7-4BCE-8855-B3DDD5C4A10B}.AppStore|ARM.Build.0 = Release|Any CPU
		{FBF9E82E-64D7-4BCE-8855-B3DDD5C4A10B}.AppStore|iPhone.ActiveCfg = Release|Any CPU
		{FBF9E82E-64D7-4BCE-8855-B3DDD5C4A10B}.AppStore|iPhone.Build.0 = Release|Any CPU
		{FBF9E82E-64D7-4BCE-8855-B3DDD5C4A10B}.AppStore|iPhoneSimulator.ActiveCfg = Release|Any CPU
		{FBF9E82E-64D7-4BCE-8855-B3DDD5C4A10B}.AppStore|iPhoneSimulator.Build.0 = Release|Any CPU
		{FBF9E82E-64D7-4BCE-8855-B3DDD5C4A10B}.AppStore|x64.ActiveCfg = Release|Any CPU
		{FBF9E82E-64D7-4BCE-8855-B3DDD5C4A10B}.AppStore|x64.Build.0 = Release|Any CPU
		{FBF9E82E-64D7-4BCE-8855-B3DDD5C4A10B}.AppStore|x86.ActiveCfg = Release|Any CPU
		{FBF9E82E-64D7-4BCE-8855-B3DDD5C4A10B}.AppStore|x86.Build.0 = Release|Any CPU
		{FBF9E82E-64D7-4BCE-8855-B3DDD5C4A10B}.Debug|Any CPU.ActiveCfg = Debug|Any CPU
		{FBF9E82E-64D7-4BCE-8855-B3DDD5C4A10B}.Debug|Any CPU.Build.0 = Debug|Any CPU
		{FBF9E82E-64D7-4BCE-8855-B3DDD5C4A10B}.Debug|ARM.ActiveCfg = Debug|Any CPU
		{FBF9E82E-64D7-4BCE-8855-B3DDD5C4A10B}.Debug|ARM.Build.0 = Debug|Any CPU
		{FBF9E82E-64D7-4BCE-8855-B3DDD5C4A10B}.Debug|iPhone.ActiveCfg = Debug|Any CPU
		{FBF9E82E-64D7-4BCE-8855-B3DDD5C4A10B}.Debug|iPhone.Build.0 = Debug|Any CPU
		{FBF9E82E-64D7-4BCE-8855-B3DDD5C4A10B}.Debug|iPhoneSimulator.ActiveCfg = Debug|Any CPU
		{FBF9E82E-64D7-4BCE-8855-B3DDD5C4A10B}.Debug|iPhoneSimulator.Build.0 = Debug|Any CPU
		{FBF9E82E-64D7-4BCE-8855-B3DDD5C4A10B}.Debug|x64.ActiveCfg = Debug|Any CPU
		{FBF9E82E-64D7-4BCE-8855-B3DDD5C4A10B}.Debug|x64.Build.0 = Debug|Any CPU
		{FBF9E82E-64D7-4BCE-8855-B3DDD5C4A10B}.Debug|x86.ActiveCfg = Debug|Any CPU
		{FBF9E82E-64D7-4BCE-8855-B3DDD5C4A10B}.Debug|x86.Build.0 = Debug|Any CPU
		{FBF9E82E-64D7-4BCE-8855-B3DDD5C4A10B}.Release|Any CPU.ActiveCfg = Release|Any CPU
		{FBF9E82E-64D7-4BCE-8855-B3DDD5C4A10B}.Release|Any CPU.Build.0 = Release|Any CPU
		{FBF9E82E-64D7-4BCE-8855-B3DDD5C4A10B}.Release|ARM.ActiveCfg = Release|Any CPU
		{FBF9E82E-64D7-4BCE-8855-B3DDD5C4A10B}.Release|ARM.Build.0 = Release|Any CPU
		{FBF9E82E-64D7-4BCE-8855-B3DDD5C4A10B}.Release|iPhone.ActiveCfg = Release|Any CPU
		{FBF9E82E-64D7-4BCE-8855-B3DDD5C4A10B}.Release|iPhone.Build.0 = Release|Any CPU
		{FBF9E82E-64D7-4BCE-8855-B3DDD5C4A10B}.Release|iPhoneSimulator.ActiveCfg = Release|Any CPU
		{FBF9E82E-64D7-4BCE-8855-B3DDD5C4A10B}.Release|iPhoneSimulator.Build.0 = Release|Any CPU
		{FBF9E82E-64D7-4BCE-8855-B3DDD5C4A10B}.Release|x64.ActiveCfg = Release|Any CPU
		{FBF9E82E-64D7-4BCE-8855-B3DDD5C4A10B}.Release|x64.Build.0 = Release|Any CPU
		{FBF9E82E-64D7-4BCE-8855-B3DDD5C4A10B}.Release|x86.ActiveCfg = Release|Any CPU
		{FBF9E82E-64D7-4BCE-8855-B3DDD5C4A10B}.Release|x86.Build.0 = Release|Any CPU
	EndGlobalSection
	GlobalSection(SolutionProperties) = preSolution
		HideSolutionNode = FALSE
	EndGlobalSection
EndGlobal
